
Microsoft Visual Studio Solution File, Format Version 12.00
# Visual Studio Version 17
VisualStudioVersion = 17.9.34728.123
MinimumVisualStudioVersion = 10.0.40219.1
Project("{9A19103F-16F7-4668-BE54-9A1E7A4F7556}") = "WpfSample", "WpfSample\WpfSample.csproj", "{C9F2FA71-A366-4C1F-A16D-CBC7A72767DD}"
EndProject
Project("{2150E333-8FDC-42A3-9474-1A3956D46DE8}") = "Library", "Library", "{181A44BE-A4B2-48ED-8F9B-56BE995BE8C1}"
	ProjectSection(SolutionItems) = preProject
		Library\KIRSharp.dll = Library\KIRSharp.dll
	EndProjectSection
EndProject
Project("{2150E333-8FDC-42A3-9474-1A3956D46DE8}") = "Solution Items", "Solution Items", "{A6390660-9266-473C-B7E6-D1FA9DB56651}"
	ProjectSection(SolutionItems) = preProject
		README.md = README.md
	EndProjectSection
EndProject
Project("{9A19103F-16F7-4668-BE54-9A1E7A4F7556}") = "WinFormsSample", "WinFormsSample\WinFormsSample.csproj", "{07672D2D-A213-4F54-B834-8336E347E097}"
EndProject
Global
	GlobalSection(SolutionConfigurationPlatforms) = preSolution
		Debug|Any CPU = Debug|Any CPU
		Release|Any CPU = Release|Any CPU
	EndGlobalSection
	GlobalSection(ProjectConfigurationPlatforms) = postSolution
		{C9F2FA71-A366-4C1F-A16D-CBC7A72767DD}.Debug|Any CPU.ActiveCfg = Debug|Any CPU
		{C9F2FA71-A366-4C1F-A16D-CBC7A72767DD}.Debug|Any CPU.Build.0 = Debug|Any CPU
		{C9F2FA71-A366-4C1F-A16D-CBC7A72767DD}.Release|Any CPU.ActiveCfg = Release|Any CPU
		{C9F2FA71-A366-4C1F-A16D-CBC7A72767DD}.Release|Any CPU.Build.0 = Release|Any CPU
		{07672D2D-A213-4F54-B834-8336E347E097}.Debug|Any CPU.ActiveCfg = Debug|Any CPU
		{07672D2D-A213-4F54-B834-8336E347E097}.Debug|Any CPU.Build.0 = Debug|Any CPU
		{07672D2D-A213-4F54-B834-8336E347E097}.Release|Any CPU.ActiveCfg = Release|Any CPU
		{07672D2D-A213-4F54-B834-8336E347E097}.Release|Any CPU.Build.0 = Release|Any CPU
	EndGlobalSection
	GlobalSection(SolutionProperties) = preSolution
		HideSolutionNode = FALSE
	EndGlobalSection
	GlobalSection(ExtensibilityGlobals) = postSolution
		SolutionGuid = {609AED45-0D17-452A-ACFD-8775EE36480F}
	EndGlobalSection
EndGlobal
